
Microsoft Visual Studio Solution File, Format Version 12.00
# Visual Studio 15
VisualStudioVersion = 15.0.27130.2024
MinimumVisualStudioVersion = 10.0.40219.1
Project("{8BC9CEB8-8B4A-11D0-8D11-00A0C91BC942}") = "LearnOpenGL.com(3)", "LearnOpenGL.com(3)\LearnOpenGL.com(3).vcxproj", "{5F941713-0F2D-44DA-9632-531CE7B4D412}"
EndProject
Global
	GlobalSection(SolutionConfigurationPlatforms) = preSolution
		Debug|x64 = Debug|x64
		Debug|x86 = Debug|x86
		Release|x64 = Release|x64
		Release|x86 = Release|x86
	EndGlobalSection
	GlobalSection(ProjectConfigurationPlatforms) = postSolution
		{5F941713-0F2D-44DA-9632-531CE7B4D412}.Debug|x64.ActiveCfg = Debug|x64
		{5F941713-0F2D-44DA-9632-531CE7B4D412}.Debug|x64.Build.0 = Debug|x64
		{5F941713-0F2D-44DA-9632-531CE7B4D412}.Debug|x86.ActiveCfg = Debug|Win32
		{5F941713-0F2D-44DA-9632-531CE7B4D412}.Debug|x86.Build.0 = Debug|Win32
		{5F941713-0F2D-44DA-9632-531CE7B4D412}.Release|x64.ActiveCfg = Release|x64
		{5F941713-0F2D-44DA-9632-531CE7B4D412}.Release|x64.Build.0 = Release|x64
		{5F941713-0F2D-44DA-9632-531CE7B4D412}.Release|x86.ActiveCfg = Release|Win32
		{5F941713-0F2D-44DA-9632-531CE7B4D412}.Release|x86.Build.0 = Release|Win32
	EndGlobalSection
	GlobalSection(SolutionProperties) = preSolution
		HideSolutionNode = FALSE
	EndGlobalSection
	GlobalSection(ExtensibilityGlobals) = postSolution
		SolutionGuid = {6ADE2327-A439-4250-81C3-B191A0755769}
	EndGlobalSection
EndGlobal
